
Microsoft Visual Studio Solution File, Format Version 12.00
# Visual Studio 15
VisualStudioVersion = 15.0.28010.2050
MinimumVisualStudioVersion = 10.0.40219.1
Project("{FAE04EC0-301F-11D3-BF4B-00C04F79EFBC}") = "Task1", "Task1\Task1.csproj", "{129DA795-D1E3-40C7-AB54-A7032155C787}"
EndProject
Project("{FAE04EC0-301F-11D3-BF4B-00C04F79EFBC}") = "Task2", "Task2\Task2.csproj", "{08BEB467-658C-4E97-837A-0A2519171532}"
EndProject
Project("{FAE04EC0-301F-11D3-BF4B-00C04F79EFBC}") = "Task3", "Task3\Task3.csproj", "{D7232607-3346-40DC-9F1A-6AB317238663}"
EndProject
Project("{FAE04EC0-301F-11D3-BF4B-00C04F79EFBC}") = "Task4", "Task4\Task4.csproj", "{769F5830-F489-4723-AE1B-EFD44521F136}"
EndProject
Project("{FAE04EC0-301F-11D3-BF4B-00C04F79EFBC}") = "Task5", "Task5\Task5.csproj", "{4A92364B-F4D0-4113-A3E1-9D0E5953C962}"
EndProject
Project("{FAE04EC0-301F-11D3-BF4B-00C04F79EFBC}") = "Task6", "Task6\Task6.csproj", "{14DA832E-D3DA-4718-8B3D-0B4908C084D2}"
EndProject
Project("{FAE04EC0-301F-11D3-BF4B-00C04F79EFBC}") = "Task7", "Task7\Task7.csproj", "{3ADEB445-8C33-4F18-B67C-616564BA020A}"
EndProject
Project("{FAE04EC0-301F-11D3-BF4B-00C04F79EFBC}") = "Task8", "Task8\Task8.csproj", "{99A98B71-69D6-48BB-AE07-8304CE062333}"
EndProject
Project("{FAE04EC0-301F-11D3-BF4B-00C04F79EFBC}") = "Task9", "Task9\Task9.csproj", "{BB260344-E29B-415F-B1B0-E371A6874C5D}"
EndProject
Project("{FAE04EC0-301F-11D3-BF4B-00C04F79EFBC}") = "Task10", "Task10\Task10.csproj", "{A2E849D2-8A09-4D83-BAA1-26DA054DE3C2}"
EndProject
Project("{FAE04EC0-301F-11D3-BF4B-00C04F79EFBC}") = "Task11", "Task11\Task11.csproj", "{DAF89F7E-57B3-40F3-93D8-0326633D4D1E}"
EndProject
Project("{FAE04EC0-301F-11D3-BF4B-00C04F79EFBC}") = "Task12", "Task12\Task12.csproj", "{219D4E18-77BB-44FC-B1D4-043F800D9D12}"
EndProject
Project("{FAE04EC0-301F-11D3-BF4B-00C04F79EFBC}") = "Task13", "Task13\Task13.csproj", "{2D335C47-8835-4806-A4EA-A446A7C755E7}"
EndProject
Project("{FAE04EC0-301F-11D3-BF4B-00C04F79EFBC}") = "Task14", "Task14\Task14.csproj", "{958DFF0F-27A7-46B7-A4C4-32B651800EF5}"
EndProject
Project("{FAE04EC0-301F-11D3-BF4B-00C04F79EFBC}") = "Task15", "Task15\Task15.csproj", "{F1002D5B-6148-4EF6-A814-2C9D21DCBE80}"
EndProject
Project("{FAE04EC0-301F-11D3-BF4B-00C04F79EFBC}") = "Task16", "Task16\Task16.csproj", "{14A34970-E7BD-4F65-A44D-50C9ECB358F5}"
EndProject
Global
	GlobalSection(SolutionConfigurationPlatforms) = preSolution
		Debug|Any CPU = Debug|Any CPU
		Release|Any CPU = Release|Any CPU
	EndGlobalSection
	GlobalSection(ProjectConfigurationPlatforms) = postSolution
		{129DA795-D1E3-40C7-AB54-A7032155C787}.Debug|Any CPU.ActiveCfg = Debug|Any CPU
		{129DA795-D1E3-40C7-AB54-A7032155C787}.Debug|Any CPU.Build.0 = Debug|Any CPU
		{129DA795-D1E3-40C7-AB54-A7032155C787}.Release|Any CPU.ActiveCfg = Release|Any CPU
		{129DA795-D1E3-40C7-AB54-A7032155C787}.Release|Any CPU.Build.0 = Release|Any CPU
		{08BEB467-658C-4E97-837A-0A2519171532}.Debug|Any CPU.ActiveCfg = Debug|Any CPU
		{08BEB467-658C-4E97-837A-0A2519171532}.Debug|Any CPU.Build.0 = Debug|Any CPU
		{08BEB467-658C-4E97-837A-0A2519171532}.Release|Any CPU.ActiveCfg = Release|Any CPU
		{08BEB467-658C-4E97-837A-0A2519171532}.Release|Any CPU.Build.0 = Release|Any CPU
		{D7232607-3346-40DC-9F1A-6AB317238663}.Debug|Any CPU.ActiveCfg = Debug|Any CPU
		{D7232607-3346-40DC-9F1A-6AB317238663}.Debug|Any CPU.Build.0 = Debug|Any CPU
		{D7232607-3346-40DC-9F1A-6AB317238663}.Release|Any CPU.ActiveCfg = Release|Any CPU
		{D7232607-3346-40DC-9F1A-6AB317238663}.Release|Any CPU.Build.0 = Release|Any CPU
		{769F5830-F489-4723-AE1B-EFD44521F136}.Debug|Any CPU.ActiveCfg = Debug|Any CPU
		{769F5830-F489-4723-AE1B-EFD44521F136}.Debug|Any CPU.Build.0 = Debug|Any CPU
		{769F5830-F489-4723-AE1B-EFD44521F136}.Release|Any CPU.ActiveCfg = Release|Any CPU
		{769F5830-F489-4723-AE1B-EFD44521F136}.Release|Any CPU.Build.0 = Release|Any CPU
		{4A92364B-F4D0-4113-A3E1-9D0E5953C962}.Debug|Any CPU.ActiveCfg = Debug|Any CPU
		{4A92364B-F4D0-4113-A3E1-9D0E5953C962}.Debug|Any CPU.Build.0 = Debug|Any CPU
		{4A92364B-F4D0-4113-A3E1-9D0E5953C962}.Release|Any CPU.ActiveCfg = Release|Any CPU
		{4A92364B-F4D0-4113-A3E1-9D0E5953C962}.Release|Any CPU.Build.0 = Release|Any CPU
		{14DA832E-D3DA-4718-8B3D-0B4908C084D2}.Debug|Any CPU.ActiveCfg = Debug|Any CPU
		{14DA832E-D3DA-4718-8B3D-0B4908C084D2}.Debug|Any CPU.Build.0 = Debug|Any CPU
		{14DA832E-D3DA-4718-8B3D-0B4908C084D2}.Release|Any CPU.ActiveCfg = Release|Any CPU
		{14DA832E-D3DA-4718-8B3D-0B4908C084D2}.Release|Any CPU.Build.0 = Release|Any CPU
		{3ADEB445-8C33-4F18-B67C-616564BA020A}.Debug|Any CPU.ActiveCfg = Debug|Any CPU
		{3ADEB445-8C33-4F18-B67C-616564BA020A}.Debug|Any CPU.Build.0 = Debug|Any CPU
		{3ADEB445-8C33-4F18-B67C-616564BA020A}.Release|Any CPU.ActiveCfg = Release|Any CPU
		{3ADEB445-8C33-4F18-B67C-616564BA020A}.Release|Any CPU.Build.0 = Release|Any CPU
		{99A98B71-69D6-48BB-AE07-8304CE062333}.Debug|Any CPU.ActiveCfg = Debug|Any CPU
		{99A98B71-69D6-48BB-AE07-8304CE062333}.Debug|Any CPU.Build.0 = Debug|Any CPU
		{99A98B71-69D6-48BB-AE07-8304CE062333}.Release|Any CPU.ActiveCfg = Release|Any CPU
		{99A98B71-69D6-48BB-AE07-8304CE062333}.Release|Any CPU.Build.0 = Release|Any CPU
		{BB260344-E29B-415F-B1B0-E371A6874C5D}.Debug|Any CPU.ActiveCfg = Debug|Any CPU
		{BB260344-E29B-415F-B1B0-E371A6874C5D}.Debug|Any CPU.Build.0 = Debug|Any CPU
		{BB260344-E29B-415F-B1B0-E371A6874C5D}.Release|Any CPU.ActiveCfg = Release|Any CPU
		{BB260344-E29B-415F-B1B0-E371A6874C5D}.Release|Any CPU.Build.0 = Release|Any CPU
		{A2E849D2-8A09-4D83-BAA1-26DA054DE3C2}.Debug|Any CPU.ActiveCfg = Debug|Any CPU
		{A2E849D2-8A09-4D83-BAA1-26DA054DE3C2}.Debug|Any CPU.Build.0 = Debug|Any CPU
		{A2E849D2-8A09-4D83-BAA1-26DA054DE3C2}.Release|Any CPU.ActiveCfg = Release|Any CPU
		{A2E849D2-8A09-4D83-BAA1-26DA054DE3C2}.Release|Any CPU.Build.0 = Release|Any CPU
		{DAF89F7E-57B3-40F3-93D8-0326633D4D1E}.Debug|Any CPU.ActiveCfg = Debug|Any CPU
		{DAF89F7E-57B3-40F3-93D8-0326633D4D1E}.Debug|Any CPU.Build.0 = Debug|Any CPU
		{DAF89F7E-57B3-40F3-93D8-0326633D4D1E}.Release|Any CPU.ActiveCfg = Release|Any CPU
		{DAF89F7E-57B3-40F3-93D8-0326633D4D1E}.Release|Any CPU.Build.0 = Release|Any CPU
		{219D4E18-77BB-44FC-B1D4-043F800D9D12}.Debug|Any CPU.ActiveCfg = Debug|Any CPU
		{219D4E18-77BB-44FC-B1D4-043F800D9D12}.Debug|Any CPU.Build.0 = Debug|Any CPU
		{219D4E18-77BB-44FC-B1D4-043F800D9D12}.Release|Any CPU.ActiveCfg = Release|Any CPU
		{219D4E18-77BB-44FC-B1D4-043F800D9D12}.Release|Any CPU.Build.0 = Release|Any CPU
		{2D335C47-8835-4806-A4EA-A446A7C755E7}.Debug|Any CPU.ActiveCfg = Debug|Any CPU
		{2D335C47-8835-4806-A4EA-A446A7C755E7}.Debug|Any CPU.Build.0 = Debug|Any CPU
		{2D335C47-8835-4806-A4EA-A446A7C755E7}.Release|Any CPU.ActiveCfg = Release|Any CPU
		{2D335C47-8835-4806-A4EA-A446A7C755E7}.Release|Any CPU.Build.0 = Release|Any CPU
		{958DFF0F-27A7-46B7-A4C4-32B651800EF5}.Debug|Any CPU.ActiveCfg = Debug|Any CPU
		{958DFF0F-27A7-46B7-A4C4-32B651800EF5}.Debug|Any CPU.Build.0 = Debug|Any CPU
		{958DFF0F-27A7-46B7-A4C4-32B651800EF5}.Release|Any CPU.ActiveCfg = Release|Any CPU
		{958DFF0F-27A7-46B7-A4C4-32B651800EF5}.Release|Any CPU.Build.0 = Release|Any CPU
		{F1002D5B-6148-4EF6-A814-2C9D21DCBE80}.Debug|Any CPU.ActiveCfg = Debug|Any CPU
		{F1002D5B-6148-4EF6-A814-2C9D21DCBE80}.Debug|Any CPU.Build.0 = Debug|Any CPU
		{F1002D5B-6148-4EF6-A814-2C9D21DCBE80}.Release|Any CPU.ActiveCfg = Release|Any CPU
		{F1002D5B-6148-4EF6-A814-2C9D21DCBE80}.Release|Any CPU.Build.0 = Release|Any CPU
		{14A34970-E7BD-4F65-A44D-50C9ECB358F5}.Debug|Any CPU.ActiveCfg = Debug|Any CPU
		{14A34970-E7BD-4F65-A44D-50C9ECB358F5}.Debug|Any CPU.Build.0 = Debug|Any CPU
		{14A34970-E7BD-4F65-A44D-50C9ECB358F5}.Release|Any CPU.ActiveCfg = Release|Any CPU
		{14A34970-E7BD-4F65-A44D-50C9ECB358F5}.Release|Any CPU.Build.0 = Release|Any CPU
	EndGlobalSection
	GlobalSection(SolutionProperties) = preSolution
		HideSolutionNode = FALSE
	EndGlobalSection
	GlobalSection(ExtensibilityGlobals) = postSolution
		SolutionGuid = {E5B722F6-9389-4299-8561-82DA3A5109DF}
	EndGlobalSection
EndGlobal
